// !$*UTF8*$!
{
	archiveVersion = 1;
	classes = {
	};
	objectVersion = 77;
	objects = {

/* Begin PBXBuildFile section */
		AA26C11E2CC0C952008E8E7A /* libpqxx-7.9.dylib in Frameworks */ = {isa = PBXBuildFile; fileRef = AA26C11D2CC0C952008E8E7A /* libpqxx-7.9.dylib */; };
		AA26C11F2CC0C952008E8E7A /* libpqxx-7.9.dylib in Embed Libraries */ = {isa = PBXBuildFile; fileRef = AA26C11D2CC0C952008E8E7A /* libpqxx-7.9.dylib */; settings = {ATTRIBUTES = (CodeSignOnCopy, ); }; };
		AA26C1222CC0C998008E8E7A /* libpq.5.14.dylib in Frameworks */ = {isa = PBXBuildFile; fileRef = AA26C1212CC0C998008E8E7A /* libpq.5.14.dylib */; };
		AA26C1232CC0C998008E8E7A /* libpq.5.14.dylib in Embed Libraries */ = {isa = PBXBuildFile; fileRef = AA26C1212CC0C998008E8E7A /* libpq.5.14.dylib */; settings = {ATTRIBUTES = (CodeSignOnCopy, ); }; };
/* End PBXBuildFile section */

/* Begin PBXCopyFilesBuildPhase section */
		AA26C1202CC0C952008E8E7A /* Embed Libraries */ = {
			isa = PBXCopyFilesBuildPhase;
			buildActionMask = 2147483647;
			dstPath = "";
			dstSubfolderSpec = 10;
			files = (
				AA26C1232CC0C998008E8E7A /* libpq.5.14.dylib in Embed Libraries */,
				AA26C11F2CC0C952008E8E7A /* libpqxx-7.9.dylib in Embed Libraries */,
			);
			name = "Embed Libraries";
			runOnlyForDeploymentPostprocessing = 0;
		};
		AA4396D72CAFB631006B8CD3 /* CopyFiles */ = {
			isa = PBXCopyFilesBuildPhase;
			buildActionMask = 2147483647;
			dstPath = /usr/share/man/man1/;
			dstSubfolderSpec = 0;
			files = (
			);
			runOnlyForDeploymentPostprocessing = 1;
		};
/* End PBXCopyFilesBuildPhase section */

/* Begin PBXFileReference section */
		AA26C11D2CC0C952008E8E7A /* libpqxx-7.9.dylib */ = {isa = PBXFileReference; lastKnownFileType = "compiled.mach-o.dylib"; name = "libpqxx-7.9.dylib"; path = "../../../../../../../../../../../../../../opt/homebrew/Cellar/libpqxx/7.9.2/lib/libpqxx-7.9.dylib"; sourceTree = "<group>"; };
		AA26C1212CC0C998008E8E7A /* libpq.5.14.dylib */ = {isa = PBXFileReference; lastKnownFileType = "compiled.mach-o.dylib"; name = libpq.5.14.dylib; path = "../../../../../../../../../../../../../../opt/homebrew/Cellar/postgresql@14/14.13_1/lib/postgresql@14/libpq.5.14.dylib"; sourceTree = "<group>"; };
		AA4396D92CAFB631006B8CD3 /* PostgreSQL */ = {isa = PBXFileReference; explicitFileType = "compiled.mach-o.executable"; includeInIndex = 0; path = PostgreSQL; sourceTree = BUILT_PRODUCTS_DIR; };
/* End PBXFileReference section */

/* Begin PBXFileSystemSynchronizedRootGroup section */
		AA4396DB2CAFB631006B8CD3 /* PostgreSQL */ = {
			isa = PBXFileSystemSynchronizedRootGroup;
			path = PostgreSQL;
			sourceTree = "<group>";
		};
/* End PBXFileSystemSynchronizedRootGroup section */

/* Begin PBXFrameworksBuildPhase section */
		AA4396D62CAFB631006B8CD3 /* Frameworks */ = {
			isa = PBXFrameworksBuildPhase;
			buildActionMask = 2147483647;
			files = (
				AA26C1222CC0C998008E8E7A /* libpq.5.14.dylib in Frameworks */,
				AA26C11E2CC0C952008E8E7A /* libpqxx-7.9.dylib in Frameworks */,
			);
			runOnlyForDeploymentPostprocessing = 0;
		};
/* End PBXFrameworksBuildPhase section */

/* Begin PBXGroup section */
		AA26C11C2CC0C951008E8E7A /* Frameworks */ = {
			isa = PBXGroup;
			children = (
				AA26C1212CC0C998008E8E7A /* libpq.5.14.dylib */,
				AA26C11D2CC0C952008E8E7A /* libpqxx-7.9.dylib */,
			);
			name = Frameworks;
			sourceTree = "<group>";
		};
		AA4396D02CAFB631006B8CD3 = {
			isa = PBXGroup;
			children = (
				AA4396DB2CAFB631006B8CD3 /* PostgreSQL */,
				AA26C11C2CC0C951008E8E7A /* Frameworks */,
				AA4396DA2CAFB631006B8CD3 /* Products */,
			);
			sourceTree = "<group>";
		};
		AA4396DA2CAFB631006B8CD3 /* Products */ = {
			isa = PBXGroup;
			children = (
				AA4396D92CAFB631006B8CD3 /* PostgreSQL */,
			);
			name = Products;
			sourceTree = "<group>";
		};
/* End PBXGroup section */

/* Begin PBXNativeTarget section */
		AA4396D82CAFB631006B8CD3 /* PostgreSQL */ = {
			isa = PBXNativeTarget;
			buildConfigurationList = AA4396E02CAFB631006B8CD3 /* Build configuration list for PBXNativeTarget "PostgreSQL" */;
			buildPhases = (
				AA4396D52CAFB631006B8CD3 /* Sources */,
				AA4396D62CAFB631006B8CD3 /* Frameworks */,
				AA4396D72CAFB631006B8CD3 /* CopyFiles */,
				AA26C1202CC0C952008E8E7A /* Embed Libraries */,
			);
			buildRules = (
			);
			dependencies = (
			);
			fileSystemSynchronizedGroups = (
				AA4396DB2CAFB631006B8CD3 /* PostgreSQL */,
			);
			name = PostgreSQL;
			packageProductDependencies = (
			);
			productName = PostgreSQL;
			productReference = AA4396D92CAFB631006B8CD3 /* PostgreSQL */;
			productType = "com.apple.product-type.tool";
		};
/* End PBXNativeTarget section */

/* Begin PBXProject section */
		AA4396D12CAFB631006B8CD3 /* Project object */ = {
			isa = PBXProject;
			attributes = {
				BuildIndependentTargetsInParallel = 1;
				LastUpgradeCheck = 1610;
				TargetAttributes = {
					AA4396D82CAFB631006B8CD3 = {
						CreatedOnToolsVersion = 16.1;
					};
				};
			};
			buildConfigurationList = AA4396D42CAFB631006B8CD3 /* Build configuration list for PBXProject "PostgreSQL" */;
			developmentRegion = en;
			hasScannedForEncodings = 0;
			knownRegions = (
				en,
				Base,
			);
			mainGroup = AA4396D02CAFB631006B8CD3;
			minimizedProjectReferenceProxies = 1;
			preferredProjectObjectVersion = 77;
			productRefGroup = AA4396DA2CAFB631006B8CD3 /* Products */;
			projectDirPath = "";
			projectRoot = "";
			targets = (
				AA4396D82CAFB631006B8CD3 /* PostgreSQL */,
			);
		};
/* End PBXProject section */

/* Begin PBXSourcesBuildPhase section */
		AA4396D52CAFB631006B8CD3 /* Sources */ = {
			isa = PBXSourcesBuildPhase;
			buildActionMask = 2147483647;
			files = (
			);
			runOnlyForDeploymentPostprocessing = 0;
		};
/* End PBXSourcesBuildPhase section */

/* Begin XCBuildConfiguration section */
		AA4396DE2CAFB631006B8CD3 /* Debug */ = {
			isa = XCBuildConfiguration;
			buildSettings = {
				ALWAYS_SEARCH_USER_PATHS = NO;
				ASSETCATALOG_COMPILER_GENERATE_SWIFT_ASSET_SYMBOL_EXTENSIONS = YES;
				CLANG_ANALYZER_NONNULL = YES;
				CLANG_ANALYZER_NUMBER_OBJECT_CONVERSION = YES_AGGRESSIVE;
				CLANG_CXX_LANGUAGE_STANDARD = "gnu++20";
				CLANG_ENABLE_MODULES = YES;
				CLANG_ENABLE_OBJC_ARC = YES;
				CLANG_ENABLE_OBJC_WEAK = YES;
				CLANG_WARN_BLOCK_CAPTURE_AUTORELEASING = YES;
				CLANG_WARN_BOOL_CONVERSION = YES;
				CLANG_WARN_COMMA = YES;
				CLANG_WARN_CONSTANT_CONVERSION = YES;
				CLANG_WARN_DEPRECATED_OBJC_IMPLEMENTATIONS = YES;
				CLANG_WARN_DIRECT_OBJC_ISA_USAGE = YES_ERROR;
				CLANG_WARN_DOCUMENTATION_COMMENTS = YES;
				CLANG_WARN_EMPTY_BODY = YES;
				CLANG_WARN_ENUM_CONVERSION = YES;
				CLANG_WARN_INFINITE_RECURSION = YES;
				CLANG_WARN_INT_CONVERSION = YES;
				CLANG_WARN_NON_LITERAL_NULL_CONVERSION = YES;
				CLANG_WARN_OBJC_IMPLICIT_RETAIN_SELF = YES;
				CLANG_WARN_OBJC_LITERAL_CONVERSION = YES;
				CLANG_WARN_OBJC_ROOT_CLASS = YES_ERROR;
				CLANG_WARN_QUOTED_INCLUDE_IN_FRAMEWORK_HEADER = YES;
				CLANG_WARN_RANGE_LOOP_ANALYSIS = YES;
				CLANG_WARN_STRICT_PROTOTYPES = YES;
				CLANG_WARN_SUSPICIOUS_MOVE = YES;
				CLANG_WARN_UNGUARDED_AVAILABILITY = YES_AGGRESSIVE;
				CLANG_WARN_UNREACHABLE_CODE = YES;
				CLANG_WARN__DUPLICATE_METHOD_MATCH = YES;
				COPY_PHASE_STRIP = NO;
				DEBUG_INFORMATION_FORMAT = dwarf;
				ENABLE_STRICT_OBJC_MSGSEND = YES;
				ENABLE_TESTABILITY = YES;
				ENABLE_USER_SCRIPT_SANDBOXING = YES;
				GCC_C_LANGUAGE_STANDARD = gnu17;
				GCC_DYNAMIC_NO_PIC = NO;
				GCC_NO_COMMON_BLOCKS = YES;
				GCC_OPTIMIZATION_LEVEL = 0;
				GCC_PREPROCESSOR_DEFINITIONS = (
					"DEBUG=1",
					"$(inherited)",
				);
				GCC_WARN_64_TO_32_BIT_CONVERSION = YES;
				GCC_WARN_ABOUT_RETURN_TYPE = YES_ERROR;
				GCC_WARN_UNDECLARED_SELECTOR = YES;
				GCC_WARN_UNINITIALIZED_AUTOS = YES_AGGRESSIVE;
				GCC_WARN_UNUSED_FUNCTION = YES;
				GCC_WARN_UNUSED_VARIABLE = YES;
				LOCALIZATION_PREFERS_STRING_CATALOGS = YES;
				MACOSX_DEPLOYMENT_TARGET = 15.0;
				MTL_ENABLE_DEBUG_INFO = INCLUDE_SOURCE;
				MTL_FAST_MATH = YES;
				ONLY_ACTIVE_ARCH = YES;
				SDKROOT = macosx;
			};
			name = Debug;
		};
		AA4396DF2CAFB631006B8CD3 /* Release */ = {
			isa = XCBuildConfiguration;
			buildSettings = {
				ALWAYS_SEARCH_USER_PATHS = NO;
				ASSETCATALOG_COMPILER_GENERATE_SWIFT_ASSET_SYMBOL_EXTENSIONS = YES;
				CLANG_ANALYZER_NONNULL = YES;
				CLANG_ANALYZER_NUMBER_OBJECT_CONVERSION = YES_AGGRESSIVE;
				CLANG_CXX_LANGUAGE_STANDARD = "gnu++20";
				CLANG_ENABLE_MODULES = YES;
				CLANG_ENABLE_OBJC_ARC = YES;
				CLANG_ENABLE_OBJC_WEAK = YES;
				CLANG_WARN_BLOCK_CAPTURE_AUTORELEASING = YES;
				CLANG_WARN_BOOL_CONVERSION = YES;
				CLANG_WARN_COMMA = YES;
				CLANG_WARN_CONSTANT_CONVERSION = YES;
				CLANG_WARN_DEPRECATED_OBJC_IMPLEMENTATIONS = YES;
				CLANG_WARN_DIRECT_OBJC_ISA_USAGE = YES_ERROR;
				CLANG_WARN_DOCUMENTATION_COMMENTS = YES;
				CLANG_WARN_EMPTY_BODY = YES;
				CLANG_WARN_ENUM_CONVERSION = YES;
				CLANG_WARN_INFINITE_RECURSION = YES;
				CLANG_WARN_INT_CONVERSION = YES;
				CLANG_WARN_NON_LITERAL_NULL_CONVERSION = YES;
				CLANG_WARN_OBJC_IMPLICIT_RETAIN_SELF = YES;
				CLANG_WARN_OBJC_LITERAL_CONVERSION = YES;
				CLANG_WARN_OBJC_ROOT_CLASS = YES_ERROR;
				CLANG_WARN_QUOTED_INCLUDE_IN_FRAMEWORK_HEADER = YES;
				CLANG_WARN_RANGE_LOOP_ANALYSIS = YES;
				CLANG_WARN_STRICT_PROTOTYPES = YES;
				CLANG_WARN_SUSPICIOUS_MOVE = YES;
				CLANG_WARN_UNGUARDED_AVAILABILITY = YES_AGGRESSIVE;
				CLANG_WARN_UNREACHABLE_CODE = YES;
				CLANG_WARN__DUPLICATE_METHOD_MATCH = YES;
				COPY_PHASE_STRIP = NO;
				DEBUG_INFORMATION_FORMAT = "dwarf-with-dsym";
				ENABLE_NS_ASSERTIONS = NO;
				ENABLE_STRICT_OBJC_MSGSEND = YES;
				ENABLE_USER_SCRIPT_SANDBOXING = YES;
				GCC_C_LANGUAGE_STANDARD = gnu17;
				GCC_NO_COMMON_BLOCKS = YES;
				GCC_WARN_64_TO_32_BIT_CONVERSION = YES;
				GCC_WARN_ABOUT_RETURN_TYPE = YES_ERROR;
				GCC_WARN_UNDECLARED_SELECTOR = YES;
				GCC_WARN_UNINITIALIZED_AUTOS = YES_AGGRESSIVE;
				GCC_WARN_UNUSED_FUNCTION = YES;
				GCC_WARN_UNUSED_VARIABLE = YES;
				LOCALIZATION_PREFERS_STRING_CATALOGS = YES;
				MACOSX_DEPLOYMENT_TARGET = 15.0;
				MTL_ENABLE_DEBUG_INFO = NO;
				MTL_FAST_MATH = YES;
				SDKROOT = macosx;
			};
			name = Release;
		};
		AA4396E12CAFB631006B8CD3 /* Debug */ = {
			isa = XCBuildConfiguration;
			buildSettings = {
				ARCHS = "$(ARCHS_STANDARD)";
				CLANG_CXX_LANGUAGE_STANDARD = "c++17";
				CLANG_STATIC_ANALYZER_MODE = deep;
				CODE_SIGN_STYLE = Automatic;
				GCC_C_LANGUAGE_STANDARD = c17;
				HEADER_SEARCH_PATHS = (
					/opt/homebrew/opt/libpq/include,
					/opt/homebrew/opt/libpqxx/include,
				);
				LIBRARY_SEARCH_PATHS = (
					"$(inherited)",
					"$(PROJECT_DIR)/PostgreSQL/objc",
					/opt/homebrew/Cellar/libpqxx/7.9.2/lib,
					"/opt/homebrew/Cellar/postgresql@14/14.13_1/lib/postgresql@14",
				);
				OTHER_LDFLAGS = (
					"-lpqxx",
					"-lpq",
				);
				PRODUCT_NAME = "$(TARGET_NAME)";
				RUN_CLANG_STATIC_ANALYZER = YES;
			};
			name = Debug;
		};
		AA4396E22CAFB631006B8CD3 /* Release */ = {
			isa = XCBuildConfiguration;
			buildSettings = {
				ARCHS = "$(ARCHS_STANDARD)";
				CLANG_CXX_LANGUAGE_STANDARD = "c++17";
				CLANG_STATIC_ANALYZER_MODE = deep;
				CODE_SIGN_STYLE = Automatic;
				GCC_C_LANGUAGE_STANDARD = c17;
				HEADER_SEARCH_PATHS = (
					/opt/homebrew/opt/libpq/include,
					/opt/homebrew/opt/libpqxx/include,
				);
				LIBRARY_SEARCH_PATHS = (
					"$(inherited)",
					"$(PROJECT_DIR)/PostgreSQL/objc",
					/opt/homebrew/Cellar/libpqxx/7.9.2/lib,
					"/opt/homebrew/Cellar/postgresql@14/14.13_1/lib/postgresql@14",
				);
				OTHER_LDFLAGS = (
					"-lpqxx",
					"-lpq",
				);
				PRODUCT_NAME = "$(TARGET_NAME)";
				RUN_CLANG_STATIC_ANALYZER = YES;
			};
			name = Release;
		};
/* End XCBuildConfiguration section */

/* Begin XCConfigurationList section */
		AA4396D42CAFB631006B8CD3 /* Build configuration list for PBXProject "PostgreSQL" */ = {
			isa = XCConfigurationList;
			buildConfigurations = (
				AA4396DE2CAFB631006B8CD3 /* Debug */,
				AA4396DF2CAFB631006B8CD3 /* Release */,
			);
			defaultConfigurationIsVisible = 0;
			defaultConfigurationName = Release;
		};
		AA4396E02CAFB631006B8CD3 /* Build configuration list for PBXNativeTarget "PostgreSQL" */ = {
			isa = XCConfigurationList;
			buildConfigurations = (
				AA4396E12CAFB631006B8CD3 /* Debug */,
				AA4396E22CAFB631006B8CD3 /* Release */,
			);
			defaultConfigurationIsVisible = 0;
			defaultConfigurationName = Release;
		};
/* End XCConfigurationList section */
	};
	rootObject = AA4396D12CAFB631006B8CD3 /* Project object */;
}
